{
  "name": "daili",
  "version": "0.2.0",
  "lockfileVersion": 3,
  "requires": true,
  "packages": {
    "": {
      "name": "daili",
      "version": "0.2.0",
      "license": "MIT",
      "dependencies": {
        "png-to-ico": "^3.0.1"
      }
    },
    "node_modules/@types/node": {
      "version": "22.19.13",
      "resolved": "https://registry.npmjs.org/@types/node/-/node-22.19.13.tgz",
      "integrity": "sha512-akNQMv0wW5uyRpD2v2IEyRSZiR+BeGuoB6L310EgGObO44HSMNT8z1xzio28V8qOrgYaopIDNA18YgdXd+qTiw==",
      "license": "MIT",
      "dependencies": {
        "undici-types": "~6.21.0"
      }
    },
    "node_modules/minimist": {
      "version": "1.2.8",
      "resolved": "https://registry.npmjs.org/minimist/-/minimist-1.2.8.tgz",
      "integrity": "sha512-2yyAR8qBkN3YuheJanUpWC5U3bb5osDywNB8RzDVlDwDHbocAJveqqj1u8+SVD7jkWT4yvsHCpWqqWqAxb0zCA==",
      "license": "MIT",
      "funding": {
        "url": "https://github.com/sponsors/ljharb"
      }
    },
    "node_modules/png-to-ico": {
      "version": "3.0.1",
      "resolved": "https://registry.npmjs.org/png-to-ico/-/png-to-ico-3.0.1.tgz",
      "integrity": "sha512-S8BOAoaGd9gT5uaemQ62arIY3Jzco7Uc7LwUTqRyqJDTsKqOAiyfyN4dSdT0D+Zf8XvgztgpRbM5wnQd7EgYwg==",
      "license": "MIT",
      "dependencies": {
        "@types/node": "^22.10.3",
        "minimist": "^1.2.8",
        "pngjs": "^7.0.0"
      },
      "bin": {
        "png-to-ico": "bin/cli.js"
      },
      "engines": {
        "node": ">=20"
      }
    },
    "node_modules/pngjs": {
      "version": "7.0.0",
      "resolved": "https://registry.npmjs.org/pngjs/-/pngjs-7.0.0.tgz",
      "integrity": "sha512-LKWqWJRhstyYo9pGvgor/ivk2w94eSjE3RGVuzLGlr3NmD8bf7RcYGze1mNdEHRP6TRP6rMuDHk5t44hnTRyow==",
      "license": "MIT",
      "engines": {
        "node": ">=14.19.0"
      }
    },
    "node_modules/undici-types": {
      "version": "6.21.0",
      "resolved": "https://registry.npmjs.org/undici-types/-/undici-types-6.21.0.tgz",
      "integrity": "sha512-iwDZqg0QAGrg9Rav5H4n0M64c3mkR59cJ6wQp+7C4nI0gsmExaedaYLNO44eT4AtBBwjbTiGPMlt2Md0T9H9JQ==",
      "license": "MIT"
    }
  }
}
